
Microsoft Visual Studio Solution File, Format Version 12.00
# Visual Studio Version 16
VisualStudioVersion = 16.0.30804.86
MinimumVisualStudioVersion = 10.0.40219.1
Project("{FAE04EC0-301F-11D3-BF4B-00C04F79EFBC}") = "WebApp", "WebApp\WebApp.csproj", "{540A2825-1B45-460D-890F-2D349D807750}"
EndProject
Project("{FAE04EC0-301F-11D3-BF4B-00C04F79EFBC}") = "ChinookSystem", "ChinookSystem\ChinookSystem.csproj", "{991AB7F0-7955-442E-A59F-5062F742A205}"
EndProject
Global
	GlobalSection(SolutionConfigurationPlatforms) = preSolution
		Debug|Any CPU = Debug|Any CPU
		Release|Any CPU = Release|Any CPU
	EndGlobalSection
	GlobalSection(ProjectConfigurationPlatforms) = postSolution
		{540A2825-1B45-460D-890F-2D349D807750}.Debug|Any CPU.ActiveCfg = Debug|Any CPU
		{540A2825-1B45-460D-890F-2D349D807750}.Debug|Any CPU.Build.0 = Debug|Any CPU
		{540A2825-1B45-460D-890F-2D349D807750}.Release|Any CPU.ActiveCfg = Release|Any CPU
		{540A2825-1B45-460D-890F-2D349D807750}.Release|Any CPU.Build.0 = Release|Any CPU
		{991AB7F0-7955-442E-A59F-5062F742A205}.Debug|Any CPU.ActiveCfg = Debug|Any CPU
		{991AB7F0-7955-442E-A59F-5062F742A205}.Debug|Any CPU.Build.0 = Debug|Any CPU
		{991AB7F0-7955-442E-A59F-5062F742A205}.Release|Any CPU.ActiveCfg = Release|Any CPU
		{991AB7F0-7955-442E-A59F-5062F742A205}.Release|Any CPU.Build.0 = Release|Any CPU
	EndGlobalSection
	GlobalSection(SolutionProperties) = preSolution
		HideSolutionNode = FALSE
	EndGlobalSection
	GlobalSection(ExtensibilityGlobals) = postSolution
		SolutionGuid = {E41AD1E1-769F-4C39-80BD-A9AC3A6D1189}
	EndGlobalSection
EndGlobal
